// !$*UTF8*$!
{
	archiveVersion = 1;
	classes = {
	};
	objectVersion = 46;
	objects = {

/* Begin PBXBuildFile section */
		5538100319BAB63500D10D67 /* NSView+SketchDevTools.h in Headers */ = {isa = PBXBuildFile; fileRef = 5538100119BAB63500D10D67 /* NSView+SketchDevTools.h */; };
		5538100419BAB63500D10D67 /* NSView+SketchDevTools.m in Sources */ = {isa = PBXBuildFile; fileRef = 5538100219BAB63500D10D67 /* NSView+SketchDevTools.m */; };
		5538100919BACF0A00D10D67 /* SKDProtocolHandler.h in Headers */ = {isa = PBXBuildFile; fileRef = 5538100719BACF0A00D10D67 /* SKDProtocolHandler.h */; };
		5538100A19BACF0A00D10D67 /* SKDProtocolHandler.m in Sources */ = {isa = PBXBuildFile; fileRef = 5538100819BACF0A00D10D67 /* SKDProtocolHandler.m */; };
		553B6EF419C3E58800CA9A74 /* SDTPanelManager.h in Headers */ = {isa = PBXBuildFile; fileRef = 553B6EF219C3E58800CA9A74 /* SDTPanelManager.h */; };
		553B6EF519C3E58800CA9A74 /* SDTPanelManager.m in Sources */ = {isa = PBXBuildFile; fileRef = 553B6EF319C3E58800CA9A74 /* SDTPanelManager.m */; };
		553B6EFE19C40E4A00CA9A74 /* SDTFileWatcher.h in Headers */ = {isa = PBXBuildFile; fileRef = 553B6EFC19C40E4A00CA9A74 /* SDTFileWatcher.h */; };
		553B6EFF19C40E4A00CA9A74 /* SDTFileWatcher.m in Sources */ = {isa = PBXBuildFile; fileRef = 553B6EFD19C40E4A00CA9A74 /* SDTFileWatcher.m */; };
		553B6F0519C541AF00CA9A74 /* LoggerClient.h in Headers */ = {isa = PBXBuildFile; fileRef = 553B6F0119C541AF00CA9A74 /* LoggerClient.h */; };
		553B6F0619C541AF00CA9A74 /* LoggerClient.m in Sources */ = {isa = PBXBuildFile; fileRef = 553B6F0219C541AF00CA9A74 /* LoggerClient.m */; };
		553B6F0719C541AF00CA9A74 /* LoggerCommon.h in Headers */ = {isa = PBXBuildFile; fileRef = 553B6F0319C541AF00CA9A74 /* LoggerCommon.h */; };
		553B6F0819C541AF00CA9A74 /* NSLogger.h in Headers */ = {isa = PBXBuildFile; fileRef = 553B6F0419C541AF00CA9A74 /* NSLogger.h */; };
		553B6F0B19C553CD00CA9A74 /* SDTWebView.h in Headers */ = {isa = PBXBuildFile; fileRef = 553B6F0919C553CD00CA9A74 /* SDTWebView.h */; };
		553B6F0C19C553CD00CA9A74 /* SDTWebView.m in Sources */ = {isa = PBXBuildFile; fileRef = 553B6F0A19C553CD00CA9A74 /* SDTWebView.m */; };
		553B6F1019C56EF600CA9A74 /* SDTOmniBoxWindow.xib in Resources */ = {isa = PBXBuildFile; fileRef = 553B6F0F19C56EF600CA9A74 /* SDTOmniBoxWindow.xib */; };
		553B6F1319C56F3400CA9A74 /* SDTOmniBoxWindowController.h in Headers */ = {isa = PBXBuildFile; fileRef = 553B6F1119C56F3400CA9A74 /* SDTOmniBoxWindowController.h */; };
		553B6F1419C56F3400CA9A74 /* SDTOmniBoxWindowController.m in Sources */ = {isa = PBXBuildFile; fileRef = 553B6F1219C56F3400CA9A74 /* SDTOmniBoxWindowController.m */; };
		5578CAB319AD0E75001E7C3B /* SDTSwizzle.h in Headers */ = {isa = PBXBuildFile; fileRef = 5578CAB119AD0E75001E7C3B /* SDTSwizzle.h */; };
		5578CAB419AD0E75001E7C3B /* SDTSwizzle.m in Sources */ = {isa = PBXBuildFile; fileRef = 5578CAB219AD0E75001E7C3B /* SDTSwizzle.m */; };
		557B35D719B6D29800ECAD7B /* NSString+SketchDevTools.h in Headers */ = {isa = PBXBuildFile; fileRef = 557B35D519B6D29800ECAD7B /* NSString+SketchDevTools.h */; };
		557B35D819B6D29800ECAD7B /* NSString+SketchDevTools.m in Sources */ = {isa = PBXBuildFile; fileRef = 557B35D619B6D29800ECAD7B /* NSString+SketchDevTools.m */; };
		559E2F9719A61E6E00774BED /* Cocoa.framework in Frameworks */ = {isa = PBXBuildFile; fileRef = 559E2F9619A61E6E00774BED /* Cocoa.framework */; };
		559E2FA119A61E6E00774BED /* InfoPlist.strings in Resources */ = {isa = PBXBuildFile; fileRef = 559E2F9F19A61E6E00774BED /* InfoPlist.strings */; };
		559E2FA519A61E6E00774BED /* SketchConsole.m in Sources */ = {isa = PBXBuildFile; fileRef = 559E2FA419A61E6E00774BED /* SketchConsole.m */; };
		559E2FAC19A61E6E00774BED /* XCTest.framework in Frameworks */ = {isa = PBXBuildFile; fileRef = 559E2FAB19A61E6E00774BED /* XCTest.framework */; };
		559E2FAD19A61E6E00774BED /* Cocoa.framework in Frameworks */ = {isa = PBXBuildFile; fileRef = 559E2F9619A61E6E00774BED /* Cocoa.framework */; };
		559E2FB019A61E6E00774BED /* SketchConsole.framework in Frameworks */ = {isa = PBXBuildFile; fileRef = 559E2F9319A61E6E00774BED /* SketchConsole.framework */; };
		559E2FB619A61E6E00774BED /* InfoPlist.strings in Resources */ = {isa = PBXBuildFile; fileRef = 559E2FB419A61E6E00774BED /* InfoPlist.strings */; };
		559E2FB819A61E6E00774BED /* SketchConsoleTests.m in Sources */ = {isa = PBXBuildFile; fileRef = 559E2FB719A61E6E00774BED /* SketchConsoleTests.m */; };
		55A173BE19AF00EE00470090 /* SDTModule.h in Headers */ = {isa = PBXBuildFile; fileRef = 55A173BC19AF00EE00470090 /* SDTModule.h */; };
		55A173BF19AF00EE00470090 /* SDTModule.m in Sources */ = {isa = PBXBuildFile; fileRef = 55A173BD19AF00EE00470090 /* SDTModule.m */; };
		55CA340719C70D260095E222 /* SDTOmniBoxWindow.h in Headers */ = {isa = PBXBuildFile; fileRef = 55CA340519C70D260095E222 /* SDTOmniBoxWindow.h */; };
		55CA340819C70D260095E222 /* SDTOmniBoxWindow.m in Sources */ = {isa = PBXBuildFile; fileRef = 55CA340619C70D260095E222 /* SDTOmniBoxWindow.m */; };
		55CA340B19C70E940095E222 /* SDTOmniBoxContentView.h in Headers */ = {isa = PBXBuildFile; fileRef = 55CA340919C70E940095E222 /* SDTOmniBoxContentView.h */; };
		55CA340C19C70E940095E222 /* SDTOmniBoxContentView.m in Sources */ = {isa = PBXBuildFile; fileRef = 55CA340A19C70E940095E222 /* SDTOmniBoxContentView.m */; };
/* End PBXBuildFile section */

/* Begin PBXContainerItemProxy section */
		559E2FAE19A61E6E00774BED /* PBXContainerItemProxy */ = {
			isa = PBXContainerItemProxy;
			containerPortal = 559E2F8A19A61E6E00774BED /* Project object */;
			proxyType = 1;
			remoteGlobalIDString = 559E2F9219A61E6E00774BED;
			remoteInfo = SketchConsole;
		};
/* End PBXContainerItemProxy section */

/* Begin PBXFileReference section */
		5538100119BAB63500D10D67 /* NSView+SketchDevTools.h */ = {isa = PBXFileReference; fileEncoding = 4; lastKnownFileType = sourcecode.c.h; name = "NSView+SketchDevTools.h"; path = "SketchConsole/NSView+SketchDevTools.h"; sourceTree = "<group>"; };
		5538100219BAB63500D10D67 /* NSView+SketchDevTools.m */ = {isa = PBXFileReference; fileEncoding = 4; lastKnownFileType = sourcecode.c.objc; name = "NSView+SketchDevTools.m"; path = "SketchConsole/NSView+SketchDevTools.m"; sourceTree = "<group>"; };
		5538100719BACF0A00D10D67 /* SKDProtocolHandler.h */ = {isa = PBXFileReference; fileEncoding = 4; lastKnownFileType = sourcecode.c.h; path = SKDProtocolHandler.h; sourceTree = "<group>"; };
		5538100819BACF0A00D10D67 /* SKDProtocolHandler.m */ = {isa = PBXFileReference; fileEncoding = 4; lastKnownFileType = sourcecode.c.objc; path = SKDProtocolHandler.m; sourceTree = "<group>"; };
		553B6EF219C3E58800CA9A74 /* SDTPanelManager.h */ = {isa = PBXFileReference; fileEncoding = 4; lastKnownFileType = sourcecode.c.h; path = SDTPanelManager.h; sourceTree = "<group>"; };
		553B6EF319C3E58800CA9A74 /* SDTPanelManager.m */ = {isa = PBXFileReference; fileEncoding = 4; lastKnownFileType = sourcecode.c.objc; path = SDTPanelManager.m; sourceTree = "<group>"; };
		553B6EFC19C40E4A00CA9A74 /* SDTFileWatcher.h */ = {isa = PBXFileReference; fileEncoding = 4; lastKnownFileType = sourcecode.c.h; path = SDTFileWatcher.h; sourceTree = "<group>"; };
		553B6EFD19C40E4A00CA9A74 /* SDTFileWatcher.m */ = {isa = PBXFileReference; fileEncoding = 4; lastKnownFileType = sourcecode.c.objc; path = SDTFileWatcher.m; sourceTree = "<group>"; };
		553B6F0119C541AF00CA9A74 /* LoggerClient.h */ = {isa = PBXFileReference; fileEncoding = 4; lastKnownFileType = sourcecode.c.h; path = LoggerClient.h; sourceTree = "<group>"; };
		553B6F0219C541AF00CA9A74 /* LoggerClient.m */ = {isa = PBXFileReference; fileEncoding = 4; lastKnownFileType = sourcecode.c.objc; path = LoggerClient.m; sourceTree = "<group>"; };
		553B6F0319C541AF00CA9A74 /* LoggerCommon.h */ = {isa = PBXFileReference; fileEncoding = 4; lastKnownFileType = sourcecode.c.h; path = LoggerCommon.h; sourceTree = "<group>"; };
		553B6F0419C541AF00CA9A74 /* NSLogger.h */ = {isa = PBXFileReference; fileEncoding = 4; lastKnownFileType = sourcecode.c.h; path = NSLogger.h; sourceTree = "<group>"; };
		553B6F0919C553CD00CA9A74 /* SDTWebView.h */ = {isa = PBXFileReference; fileEncoding = 4; lastKnownFileType = sourcecode.c.h; path = SDTWebView.h; sourceTree = "<group>"; };
		553B6F0A19C553CD00CA9A74 /* SDTWebView.m */ = {isa = PBXFileReference; fileEncoding = 4; lastKnownFileType = sourcecode.c.objc; path = SDTWebView.m; sourceTree = "<group>"; };
		553B6F0F19C56EF600CA9A74 /* SDTOmniBoxWindow.xib */ = {isa = PBXFileReference; fileEncoding = 4; lastKnownFileType = file.xib; path = SDTOmniBoxWindow.xib; sourceTree = "<group>"; };
		553B6F1119C56F3400CA9A74 /* SDTOmniBoxWindowController.h */ = {isa = PBXFileReference; fileEncoding = 4; lastKnownFileType = sourcecode.c.h; name = SDTOmniBoxWindowController.h; path = SketchConsole/SDTOmniBoxWindowController.h; sourceTree = "<group>"; };
		553B6F1219C56F3400CA9A74 /* SDTOmniBoxWindowController.m */ = {isa = PBXFileReference; fileEncoding = 4; lastKnownFileType = sourcecode.c.objc; name = SDTOmniBoxWindowController.m; path = SketchConsole/SDTOmniBoxWindowController.m; sourceTree = "<group>"; };
		5578CAB119AD0E75001E7C3B /* SDTSwizzle.h */ = {isa = PBXFileReference; fileEncoding = 4; lastKnownFileType = sourcecode.c.h; path = SDTSwizzle.h; sourceTree = "<group>"; };
		5578CAB219AD0E75001E7C3B /* SDTSwizzle.m */ = {isa = PBXFileReference; fileEncoding = 4; lastKnownFileType = sourcecode.c.objc; path = SDTSwizzle.m; sourceTree = "<group>"; };
		557B35D519B6D29800ECAD7B /* NSString+SketchDevTools.h */ = {isa = PBXFileReference; fileEncoding = 4; lastKnownFileType = sourcecode.c.h; name = "NSString+SketchDevTools.h"; path = "SketchConsole/NSString+SketchDevTools.h"; sourceTree = "<group>"; };
		557B35D619B6D29800ECAD7B /* NSString+SketchDevTools.m */ = {isa = PBXFileReference; fileEncoding = 4; lastKnownFileType = sourcecode.c.objc; name = "NSString+SketchDevTools.m"; path = "SketchConsole/NSString+SketchDevTools.m"; sourceTree = "<group>"; };
		559E2F9319A61E6E00774BED /* SketchConsole.framework */ = {isa = PBXFileReference; explicitFileType = wrapper.framework; includeInIndex = 0; path = SketchConsole.framework; sourceTree = BUILT_PRODUCTS_DIR; };
		559E2F9619A61E6E00774BED /* Cocoa.framework */ = {isa = PBXFileReference; lastKnownFileType = wrapper.framework; name = Cocoa.framework; path = System/Library/Frameworks/Cocoa.framework; sourceTree = SDKROOT; };
		559E2F9919A61E6E00774BED /* Foundation.framework */ = {isa = PBXFileReference; lastKnownFileType = wrapper.framework; name = Foundation.framework; path = System/Library/Frameworks/Foundation.framework; sourceTree = SDKROOT; };
		559E2F9A19A61E6E00774BED /* CoreData.framework */ = {isa = PBXFileReference; lastKnownFileType = wrapper.framework; name = CoreData.framework; path = System/Library/Frameworks/CoreData.framework; sourceTree = SDKROOT; };
		559E2F9B19A61E6E00774BED /* AppKit.framework */ = {isa = PBXFileReference; lastKnownFileType = wrapper.framework; name = AppKit.framework; path = System/Library/Frameworks/AppKit.framework; sourceTree = SDKROOT; };
		559E2F9E19A61E6E00774BED /* SketchConsole-Info.plist */ = {isa = PBXFileReference; lastKnownFileType = text.plist.xml; path = "SketchConsole-Info.plist"; sourceTree = "<group>"; };
		559E2FA019A61E6E00774BED /* en */ = {isa = PBXFileReference; lastKnownFileType = text.plist.strings; name = en; path = en.lproj/InfoPlist.strings; sourceTree = "<group>"; };
		559E2FA219A61E6E00774BED /* SketchConsole-Prefix.pch */ = {isa = PBXFileReference; lastKnownFileType = sourcecode.c.h; path = "SketchConsole-Prefix.pch"; sourceTree = "<group>"; };
		559E2FA319A61E6E00774BED /* SketchConsole.h */ = {isa = PBXFileReference; lastKnownFileType = sourcecode.c.h; path = SketchConsole.h; sourceTree = "<group>"; };
		559E2FA419A61E6E00774BED /* SketchConsole.m */ = {isa = PBXFileReference; lastKnownFileType = sourcecode.c.objc; path = SketchConsole.m; sourceTree = "<group>"; };
		559E2FAA19A61E6E00774BED /* SketchConsoleTests.xctest */ = {isa = PBXFileReference; explicitFileType = wrapper.cfbundle; includeInIndex = 0; path = SketchConsoleTests.xctest; sourceTree = BUILT_PRODUCTS_DIR; };
		559E2FAB19A61E6E00774BED /* XCTest.framework */ = {isa = PBXFileReference; lastKnownFileType = wrapper.framework; name = XCTest.framework; path = Library/Frameworks/XCTest.framework; sourceTree = DEVELOPER_DIR; };
		559E2FB319A61E6E00774BED /* SketchConsoleTests-Info.plist */ = {isa = PBXFileReference; lastKnownFileType = text.plist.xml; path = "SketchConsoleTests-Info.plist"; sourceTree = "<group>"; };
		559E2FB519A61E6E00774BED /* en */ = {isa = PBXFileReference; lastKnownFileType = text.plist.strings; name = en; path = en.lproj/InfoPlist.strings; sourceTree = "<group>"; };
		559E2FB719A61E6E00774BED /* SketchConsoleTests.m */ = {isa = PBXFileReference; lastKnownFileType = sourcecode.c.objc; path = SketchConsoleTests.m; sourceTree = "<group>"; };
		55A173BC19AF00EE00470090 /* SDTModule.h */ = {isa = PBXFileReference; fileEncoding = 4; lastKnownFileType = sourcecode.c.h; path = SDTModule.h; sourceTree = "<group>"; };
		55A173BD19AF00EE00470090 /* SDTModule.m */ = {isa = PBXFileReference; fileEncoding = 4; lastKnownFileType = sourcecode.c.objc; path = SDTModule.m; sourceTree = "<group>"; };
		55CA340519C70D260095E222 /* SDTOmniBoxWindow.h */ = {isa = PBXFileReference; fileEncoding = 4; lastKnownFileType = sourcecode.c.h; path = SDTOmniBoxWindow.h; sourceTree = "<group>"; };
		55CA340619C70D260095E222 /* SDTOmniBoxWindow.m */ = {isa = PBXFileReference; fileEncoding = 4; lastKnownFileType = sourcecode.c.objc; path = SDTOmniBoxWindow.m; sourceTree = "<group>"; };
		55CA340919C70E940095E222 /* SDTOmniBoxContentView.h */ = {isa = PBXFileReference; fileEncoding = 4; lastKnownFileType = sourcecode.c.h; path = SDTOmniBoxContentView.h; sourceTree = "<group>"; };
		55CA340A19C70E940095E222 /* SDTOmniBoxContentView.m */ = {isa = PBXFileReference; fileEncoding = 4; lastKnownFileType = sourcecode.c.objc; path = SDTOmniBoxContentView.m; sourceTree = "<group>"; };
/* End PBXFileReference section */

/* Begin PBXFrameworksBuildPhase section */
		559E2F8F19A61E6E00774BED /* Frameworks */ = {
			isa = PBXFrameworksBuildPhase;
			buildActionMask = 2147483647;
			files = (
				559E2F9719A61E6E00774BED /* Cocoa.framework in Frameworks */,
			);
			runOnlyForDeploymentPostprocessing = 0;
		};
		559E2FA719A61E6E00774BED /* Frameworks */ = {
			isa = PBXFrameworksBuildPhase;
			buildActionMask = 2147483647;
			files = (
				559E2FAD19A61E6E00774BED /* Cocoa.framework in Frameworks */,
				559E2FB019A61E6E00774BED /* SketchConsole.framework in Frameworks */,
				559E2FAC19A61E6E00774BED /* XCTest.framework in Frameworks */,
			);
			runOnlyForDeploymentPostprocessing = 0;
		};
/* End PBXFrameworksBuildPhase section */

/* Begin PBXGroup section */
		5538100519BAB63E00D10D67 /* Categories */ = {
			isa = PBXGroup;
			children = (
				557B35D519B6D29800ECAD7B /* NSString+SketchDevTools.h */,
				557B35D619B6D29800ECAD7B /* NSString+SketchDevTools.m */,
				5538100119BAB63500D10D67 /* NSView+SketchDevTools.h */,
				5538100219BAB63500D10D67 /* NSView+SketchDevTools.m */,
			);
			name = Categories;
			sourceTree = "<group>";
		};
		553B6EF619C3F63E00CA9A74 /* UI Elements */ = {
			isa = PBXGroup;
			children = (
				553B6F0919C553CD00CA9A74 /* SDTWebView.h */,
				553B6F0A19C553CD00CA9A74 /* SDTWebView.m */,
			);
			name = "UI Elements";
			sourceTree = "<group>";
		};
		553B6EFB19C40E2E00CA9A74 /* Utils */ = {
			isa = PBXGroup;
			children = (
				553B6F0019C5419C00CA9A74 /* NSLogger */,
				5578CAB119AD0E75001E7C3B /* SDTSwizzle.h */,
				5578CAB219AD0E75001E7C3B /* SDTSwizzle.m */,
				553B6EFC19C40E4A00CA9A74 /* SDTFileWatcher.h */,
				553B6EFD19C40E4A00CA9A74 /* SDTFileWatcher.m */,
			);
			name = Utils;
			sourceTree = "<group>";
		};
		553B6F0019C5419C00CA9A74 /* NSLogger */ = {
			isa = PBXGroup;
			children = (
				553B6F0119C541AF00CA9A74 /* LoggerClient.h */,
				553B6F0219C541AF00CA9A74 /* LoggerClient.m */,
				553B6F0319C541AF00CA9A74 /* LoggerCommon.h */,
				553B6F0419C541AF00CA9A74 /* NSLogger.h */,
			);
			name = NSLogger;
			sourceTree = "<group>";
		};
		5575791319DE4A3E0049D944 /* OmniBox */ = {
			isa = PBXGroup;
			children = (
				553B6F0F19C56EF600CA9A74 /* SDTOmniBoxWindow.xib */,
				55CA340519C70D260095E222 /* SDTOmniBoxWindow.h */,
				55CA340619C70D260095E222 /* SDTOmniBoxWindow.m */,
				55CA340919C70E940095E222 /* SDTOmniBoxContentView.h */,
				55CA340A19C70E940095E222 /* SDTOmniBoxContentView.m */,
				553B6F1119C56F3400CA9A74 /* SDTOmniBoxWindowController.h */,
				553B6F1219C56F3400CA9A74 /* SDTOmniBoxWindowController.m */,
			);
			name = OmniBox;
			sourceTree = "<group>";
		};
		559E2F8919A61E6E00774BED = {
			isa = PBXGroup;
			children = (
				5575791319DE4A3E0049D944 /* OmniBox */,
				553B6EFB19C40E2E00CA9A74 /* Utils */,
				553B6EF619C3F63E00CA9A74 /* UI Elements */,
				5538100519BAB63E00D10D67 /* Categories */,
				55A173BB19AF00E500470090 /* Module */,
				559E2F9C19A61E6E00774BED /* SketchConsole */,
				559E2FB119A61E6E00774BED /* SketchConsoleTests */,
				559E2F9519A61E6E00774BED /* Frameworks */,
				559E2F9419A61E6E00774BED /* Products */,
			);
			sourceTree = "<group>";
		};
		559E2F9419A61E6E00774BED /* Products */ = {
			isa = PBXGroup;
			children = (
				559E2F9319A61E6E00774BED /* SketchConsole.framework */,
				559E2FAA19A61E6E00774BED /* SketchConsoleTests.xctest */,
			);
			name = Products;
			sourceTree = "<group>";
		};
		559E2F9519A61E6E00774BED /* Frameworks */ = {
			isa = PBXGroup;
			children = (
				559E2F9619A61E6E00774BED /* Cocoa.framework */,
				559E2FAB19A61E6E00774BED /* XCTest.framework */,
				559E2F9819A61E6E00774BED /* Other Frameworks */,
			);
			name = Frameworks;
			sourceTree = "<group>";
		};
		559E2F9819A61E6E00774BED /* Other Frameworks */ = {
			isa = PBXGroup;
			children = (
				559E2F9919A61E6E00774BED /* Foundation.framework */,
				559E2F9A19A61E6E00774BED /* CoreData.framework */,
				559E2F9B19A61E6E00774BED /* AppKit.framework */,
			);
			name = "Other Frameworks";
			sourceTree = "<group>";
		};
		559E2F9C19A61E6E00774BED /* SketchConsole */ = {
			isa = PBXGroup;
			children = (
				559E2FA319A61E6E00774BED /* SketchConsole.h */,
				559E2FA419A61E6E00774BED /* SketchConsole.m */,
				5538100719BACF0A00D10D67 /* SKDProtocolHandler.h */,
				5538100819BACF0A00D10D67 /* SKDProtocolHandler.m */,
				553B6EF219C3E58800CA9A74 /* SDTPanelManager.h */,
				553B6EF319C3E58800CA9A74 /* SDTPanelManager.m */,
				559E2F9D19A61E6E00774BED /* Supporting Files */,
			);
			path = SketchConsole;
			sourceTree = "<group>";
		};
		559E2F9D19A61E6E00774BED /* Supporting Files */ = {
			isa = PBXGroup;
			children = (
				559E2F9E19A61E6E00774BED /* SketchConsole-Info.plist */,
				559E2F9F19A61E6E00774BED /* InfoPlist.strings */,
				559E2FA219A61E6E00774BED /* SketchConsole-Prefix.pch */,
			);
			name = "Supporting Files";
			sourceTree = "<group>";
		};
		559E2FB119A61E6E00774BED /* SketchConsoleTests */ = {
			isa = PBXGroup;
			children = (
				559E2FB719A61E6E00774BED /* SketchConsoleTests.m */,
				559E2FB219A61E6E00774BED /* Supporting Files */,
			);
			path = SketchConsoleTests;
			sourceTree = "<group>";
		};
		559E2FB219A61E6E00774BED /* Supporting Files */ = {
			isa = PBXGroup;
			children = (
				559E2FB319A61E6E00774BED /* SketchConsoleTests-Info.plist */,
				559E2FB419A61E6E00774BED /* InfoPlist.strings */,
			);
			name = "Supporting Files";
			sourceTree = "<group>";
		};
		55A173BB19AF00E500470090 /* Module */ = {
			isa = PBXGroup;
			children = (
				55A173BC19AF00EE00470090 /* SDTModule.h */,
				55A173BD19AF00EE00470090 /* SDTModule.m */,
			);
			name = Module;
			sourceTree = "<group>";
		};
/* End PBXGroup section */

/* Begin PBXHeadersBuildPhase section */
		559E2F9019A61E6E00774BED /* Headers */ = {
			isa = PBXHeadersBuildPhase;
			buildActionMask = 2147483647;
			files = (
				553B6F0719C541AF00CA9A74 /* LoggerCommon.h in Headers */,
				553B6F0819C541AF00CA9A74 /* NSLogger.h in Headers */,
				553B6EFE19C40E4A00CA9A74 /* SDTFileWatcher.h in Headers */,
				557B35D719B6D29800ECAD7B /* NSString+SketchDevTools.h in Headers */,
				553B6F1319C56F3400CA9A74 /* SDTOmniBoxWindowController.h in Headers */,
				5538100319BAB63500D10D67 /* NSView+SketchDevTools.h in Headers */,
				5538100919BACF0A00D10D67 /* SKDProtocolHandler.h in Headers */,
				55CA340719C70D260095E222 /* SDTOmniBoxWindow.h in Headers */,
				553B6EF419C3E58800CA9A74 /* SDTPanelManager.h in Headers */,
				55CA340B19C70E940095E222 /* SDTOmniBoxContentView.h in Headers */,
				553B6F0B19C553CD00CA9A74 /* SDTWebView.h in Headers */,
				55A173BE19AF00EE00470090 /* SDTModule.h in Headers */,
				5578CAB319AD0E75001E7C3B /* SDTSwizzle.h in Headers */,
				553B6F0519C541AF00CA9A74 /* LoggerClient.h in Headers */,
			);
			runOnlyForDeploymentPostprocessing = 0;
		};
/* End PBXHeadersBuildPhase section */

/* Begin PBXNativeTarget section */
		559E2F9219A61E6E00774BED /* SketchConsole */ = {
			isa = PBXNativeTarget;
			buildConfigurationList = 559E2FBB19A61E6E00774BED /* Build configuration list for PBXNativeTarget "SketchConsole" */;
			buildPhases = (
				559E2F8E19A61E6E00774BED /* Sources */,
				559E2F8F19A61E6E00774BED /* Frameworks */,
				559E2F9019A61E6E00774BED /* Headers */,
				559E2F9119A61E6E00774BED /* Resources */,
			);
			buildRules = (
			);
			dependencies = (
			);
			name = SketchConsole;
			productName = SketchConsole;
			productReference = 559E2F9319A61E6E00774BED /* SketchConsole.framework */;
			productType = "com.apple.product-type.framework";
		};
		559E2FA919A61E6E00774BED /* SketchConsoleTests */ = {
			isa = PBXNativeTarget;
			buildConfigurationList = 559E2FBE19A61E6E00774BED /* Build configuration list for PBXNativeTarget "SketchConsoleTests" */;
			buildPhases = (
				559E2FA619A61E6E00774BED /* Sources */,
				559E2FA719A61E6E00774BED /* Frameworks */,
				559E2FA819A61E6E00774BED /* Resources */,
			);
			buildRules = (
			);
			dependencies = (
				559E2FAF19A61E6E00774BED /* PBXTargetDependency */,
			);
			name = SketchConsoleTests;
			productName = SketchConsoleTests;
			productReference = 559E2FAA19A61E6E00774BED /* SketchConsoleTests.xctest */;
			productType = "com.apple.product-type.bundle.unit-test";
		};
/* End PBXNativeTarget section */

/* Begin PBXProject section */
		559E2F8A19A61E6E00774BED /* Project object */ = {
			isa = PBXProject;
			attributes = {
				LastUpgradeCheck = 0510;
				ORGANIZATIONNAME = Turbobabr;
				TargetAttributes = {
					559E2FA919A61E6E00774BED = {
						TestTargetID = 559E2F9219A61E6E00774BED;
					};
				};
			};
			buildConfigurationList = 559E2F8D19A61E6E00774BED /* Build configuration list for PBXProject "SketchConsole" */;
			compatibilityVersion = "Xcode 3.2";
			developmentRegion = English;
			hasScannedForEncodings = 0;
			knownRegions = (
				en,
			);
			mainGroup = 559E2F8919A61E6E00774BED;
			productRefGroup = 559E2F9419A61E6E00774BED /* Products */;
			projectDirPath = "";
			projectRoot = "";
			targets = (
				559E2F9219A61E6E00774BED /* SketchConsole */,
				559E2FA919A61E6E00774BED /* SketchConsoleTests */,
			);
		};
/* End PBXProject section */

/* Begin PBXResourcesBuildPhase section */
		559E2F9119A61E6E00774BED /* Resources */ = {
			isa = PBXResourcesBuildPhase;
			buildActionMask = 2147483647;
			files = (
				553B6F1019C56EF600CA9A74 /* SDTOmniBoxWindow.xib in Resources */,
				559E2FA119A61E6E00774BED /* InfoPlist.strings in Resources */,
			);
			runOnlyForDeploymentPostprocessing = 0;
		};
		559E2FA819A61E6E00774BED /* Resources */ = {
			isa = PBXResourcesBuildPhase;
			buildActionMask = 2147483647;
			files = (
				559E2FB619A61E6E00774BED /* InfoPlist.strings in Resources */,
			);
			runOnlyForDeploymentPostprocessing = 0;
		};
/* End PBXResourcesBuildPhase section */

/* Begin PBXSourcesBuildPhase section */
		559E2F8E19A61E6E00774BED /* Sources */ = {
			isa = PBXSourcesBuildPhase;
			buildActionMask = 2147483647;
			files = (
				553B6F0619C541AF00CA9A74 /* LoggerClient.m in Sources */,
				557B35D819B6D29800ECAD7B /* NSString+SketchDevTools.m in Sources */,
				553B6F0C19C553CD00CA9A74 /* SDTWebView.m in Sources */,
				5538100419BAB63500D10D67 /* NSView+SketchDevTools.m in Sources */,
				553B6F1419C56F3400CA9A74 /* SDTOmniBoxWindowController.m in Sources */,
				55CA340C19C70E940095E222 /* SDTOmniBoxContentView.m in Sources */,
				5578CAB419AD0E75001E7C3B /* SDTSwizzle.m in Sources */,
				55A173BF19AF00EE00470090 /* SDTModule.m in Sources */,
				553B6EF519C3E58800CA9A74 /* SDTPanelManager.m in Sources */,
				553B6EFF19C40E4A00CA9A74 /* SDTFileWatcher.m in Sources */,
				55CA340819C70D260095E222 /* SDTOmniBoxWindow.m in Sources */,
				5538100A19BACF0A00D10D67 /* SKDProtocolHandler.m in Sources */,
				559E2FA519A61E6E00774BED /* SketchConsole.m in Sources */,
			);
			runOnlyForDeploymentPostprocessing = 0;
		};
		559E2FA619A61E6E00774BED /* Sources */ = {
			isa = PBXSourcesBuildPhase;
			buildActionMask = 2147483647;
			files = (
				559E2FB819A61E6E00774BED /* SketchConsoleTests.m in Sources */,
			);
			runOnlyForDeploymentPostprocessing = 0;
		};
/* End PBXSourcesBuildPhase section */

/* Begin PBXTargetDependency section */
		559E2FAF19A61E6E00774BED /* PBXTargetDependency */ = {
			isa = PBXTargetDependency;
			target = 559E2F9219A61E6E00774BED /* SketchConsole */;
			targetProxy = 559E2FAE19A61E6E00774BED /* PBXContainerItemProxy */;
		};
/* End PBXTargetDependency section */

/* Begin PBXVariantGroup section */
		559E2F9F19A61E6E00774BED /* InfoPlist.strings */ = {
			isa = PBXVariantGroup;
			children = (
				559E2FA019A61E6E00774BED /* en */,
			);
			name = InfoPlist.strings;
			sourceTree = "<group>";
		};
		559E2FB419A61E6E00774BED /* InfoPlist.strings */ = {
			isa = PBXVariantGroup;
			children = (
				559E2FB519A61E6E00774BED /* en */,
			);
			name = InfoPlist.strings;
			sourceTree = "<group>";
		};
/* End PBXVariantGroup section */

/* Begin XCBuildConfiguration section */
		559E2FB919A61E6E00774BED /* Debug */ = {
			isa = XCBuildConfiguration;
			buildSettings = {
				ALWAYS_SEARCH_USER_PATHS = NO;
				CLANG_CXX_LANGUAGE_STANDARD = "gnu++0x";
				CLANG_CXX_LIBRARY = "libc++";
				CLANG_ENABLE_MODULES = YES;
				CLANG_ENABLE_OBJC_ARC = YES;
				CLANG_WARN_BOOL_CONVERSION = YES;
				CLANG_WARN_CONSTANT_CONVERSION = YES;
				CLANG_WARN_DIRECT_OBJC_ISA_USAGE = YES_ERROR;
				CLANG_WARN_EMPTY_BODY = YES;
				CLANG_WARN_ENUM_CONVERSION = YES;
				CLANG_WARN_INT_CONVERSION = YES;
				CLANG_WARN_OBJC_ROOT_CLASS = YES_ERROR;
				CLANG_WARN__DUPLICATE_METHOD_MATCH = YES;
				COPY_PHASE_STRIP = NO;
				GCC_C_LANGUAGE_STANDARD = gnu99;
				GCC_DYNAMIC_NO_PIC = NO;
				GCC_ENABLE_OBJC_EXCEPTIONS = YES;
				GCC_OPTIMIZATION_LEVEL = 0;
				GCC_PREPROCESSOR_DEFINITIONS = (
					"DEBUG=1",
					"$(inherited)",
				);
				GCC_SYMBOLS_PRIVATE_EXTERN = NO;
				GCC_WARN_64_TO_32_BIT_CONVERSION = YES;
				GCC_WARN_ABOUT_RETURN_TYPE = YES_ERROR;
				GCC_WARN_UNDECLARED_SELECTOR = YES;
				GCC_WARN_UNINITIALIZED_AUTOS = YES_AGGRESSIVE;
				GCC_WARN_UNUSED_FUNCTION = YES;
				GCC_WARN_UNUSED_VARIABLE = YES;
				MACOSX_DEPLOYMENT_TARGET = 10.9;
				ONLY_ACTIVE_ARCH = YES;
				SDKROOT = macosx;
			};
			name = Debug;
		};
		559E2FBA19A61E6E00774BED /* Release */ = {
			isa = XCBuildConfiguration;
			buildSettings = {
				ALWAYS_SEARCH_USER_PATHS = NO;
				CLANG_CXX_LANGUAGE_STANDARD = "gnu++0x";
				CLANG_CXX_LIBRARY = "libc++";
				CLANG_ENABLE_MODULES = YES;
				CLANG_ENABLE_OBJC_ARC = YES;
				CLANG_WARN_BOOL_CONVERSION = YES;
				CLANG_WARN_CONSTANT_CONVERSION = YES;
				CLANG_WARN_DIRECT_OBJC_ISA_USAGE = YES_ERROR;
				CLANG_WARN_EMPTY_BODY = YES;
				CLANG_WARN_ENUM_CONVERSION = YES;
				CLANG_WARN_INT_CONVERSION = YES;
				CLANG_WARN_OBJC_ROOT_CLASS = YES_ERROR;
				CLANG_WARN__DUPLICATE_METHOD_MATCH = YES;
				COPY_PHASE_STRIP = YES;
				DEBUG_INFORMATION_FORMAT = "dwarf-with-dsym";
				ENABLE_NS_ASSERTIONS = NO;
				GCC_C_LANGUAGE_STANDARD = gnu99;
				GCC_ENABLE_OBJC_EXCEPTIONS = YES;
				GCC_WARN_64_TO_32_BIT_CONVERSION = YES;
				GCC_WARN_ABOUT_RETURN_TYPE = YES_ERROR;
				GCC_WARN_UNDECLARED_SELECTOR = YES;
				GCC_WARN_UNINITIALIZED_AUTOS = YES_AGGRESSIVE;
				GCC_WARN_UNUSED_FUNCTION = YES;
				GCC_WARN_UNUSED_VARIABLE = YES;
				MACOSX_DEPLOYMENT_TARGET = 10.9;
				SDKROOT = macosx;
			};
			name = Release;
		};
		559E2FBC19A61E6E00774BED /* Debug */ = {
			isa = XCBuildConfiguration;
			buildSettings = {
				COMBINE_HIDPI_IMAGES = YES;
				DYLIB_COMPATIBILITY_VERSION = 1;
				DYLIB_CURRENT_VERSION = 1;
				FRAMEWORK_VERSION = A;
				GCC_PRECOMPILE_PREFIX_HEADER = YES;
				GCC_PREFIX_HEADER = "SketchConsole/SketchConsole-Prefix.pch";
				INFOPLIST_FILE = "SketchConsole/SketchConsole-Info.plist";
				ONLY_ACTIVE_ARCH = YES;
				PRODUCT_NAME = "$(TARGET_NAME)";
				WRAPPER_EXTENSION = framework;
			};
			name = Debug;
		};
		559E2FBD19A61E6E00774BED /* Release */ = {
			isa = XCBuildConfiguration;
			buildSettings = {
				COMBINE_HIDPI_IMAGES = YES;
				DYLIB_COMPATIBILITY_VERSION = 1;
				DYLIB_CURRENT_VERSION = 1;
				FRAMEWORK_VERSION = A;
				GCC_PRECOMPILE_PREFIX_HEADER = YES;
				GCC_PREFIX_HEADER = "SketchConsole/SketchConsole-Prefix.pch";
				INFOPLIST_FILE = "SketchConsole/SketchConsole-Info.plist";
				ONLY_ACTIVE_ARCH = YES;
				PRODUCT_NAME = "$(TARGET_NAME)";
				WRAPPER_EXTENSION = framework;
			};
			name = Release;
		};
		559E2FBF19A61E6E00774BED /* Debug */ = {
			isa = XCBuildConfiguration;
			buildSettings = {
				BUNDLE_LOADER = "$(BUILT_PRODUCTS_DIR)/SketchConsole.framework/Versions/A/SketchConsole";
				COMBINE_HIDPI_IMAGES = YES;
				FRAMEWORK_SEARCH_PATHS = (
					"$(DEVELOPER_FRAMEWORKS_DIR)",
					"$(inherited)",
				);
				GCC_PRECOMPILE_PREFIX_HEADER = YES;
				GCC_PREFIX_HEADER = "SketchConsole/SketchConsole-Prefix.pch";
				GCC_PREPROCESSOR_DEFINITIONS = (
					"DEBUG=1",
					"$(inherited)",
				);
				INFOPLIST_FILE = "SketchConsoleTests/SketchConsoleTests-Info.plist";
				PRODUCT_NAME = "$(TARGET_NAME)";
				TEST_HOST = "$(BUNDLE_LOADER)";
				WRAPPER_EXTENSION = xctest;
			};
			name = Debug;
		};
		559E2FC019A61E6E00774BED /* Release */ = {
			isa = XCBuildConfiguration;
			buildSettings = {
				BUNDLE_LOADER = "$(BUILT_PRODUCTS_DIR)/SketchConsole.framework/Versions/A/SketchConsole";
				COMBINE_HIDPI_IMAGES = YES;
				FRAMEWORK_SEARCH_PATHS = (
					"$(DEVELOPER_FRAMEWORKS_DIR)",
					"$(inherited)",
				);
				GCC_PRECOMPILE_PREFIX_HEADER = YES;
				GCC_PREFIX_HEADER = "SketchConsole/SketchConsole-Prefix.pch";
				INFOPLIST_FILE = "SketchConsoleTests/SketchConsoleTests-Info.plist";
				PRODUCT_NAME = "$(TARGET_NAME)";
				TEST_HOST = "$(BUNDLE_LOADER)";
				WRAPPER_EXTENSION = xctest;
			};
			name = Release;
		};
/* End XCBuildConfiguration section */

/* Begin XCConfigurationList section */
		559E2F8D19A61E6E00774BED /* Build configuration list for PBXProject "SketchConsole" */ = {
			isa = XCConfigurationList;
			buildConfigurations = (
				559E2FB919A61E6E00774BED /* Debug */,
				559E2FBA19A61E6E00774BED /* Release */,
			);
			defaultConfigurationIsVisible = 0;
			defaultConfigurationName = Release;
		};
		559E2FBB19A61E6E00774BED /* Build configuration list for PBXNativeTarget "SketchConsole" */ = {
			isa = XCConfigurationList;
			buildConfigurations = (
				559E2FBC19A61E6E00774BED /* Debug */,
				559E2FBD19A61E6E00774BED /* Release */,
			);
			defaultConfigurationIsVisible = 0;
			defaultConfigurationName = Release;
		};
		559E2FBE19A61E6E00774BED /* Build configuration list for PBXNativeTarget "SketchConsoleTests" */ = {
			isa = XCConfigurationList;
			buildConfigurations = (
				559E2FBF19A61E6E00774BED /* Debug */,
				559E2FC019A61E6E00774BED /* Release */,
			);
			defaultConfigurationIsVisible = 0;
			defaultConfigurationName = Release;
		};
/* End XCConfigurationList section */
	};
	rootObject = 559E2F8A19A61E6E00774BED /* Project object */;
}
