// !$*UTF8*$!
{
	archiveVersion = 1;
	classes = {
	};
	objectVersion = 46;
	objects = {

/* Begin PBXBuildFile section */
		5538100319BAB63500D10D67 /* NSView+SketchDevTools.h in Headers */ = {isa = PBXBuildFile; fileRef = 5538100119BAB63500D10D67 /* NSView+SketchDevTools.h */; };
		5538100419BAB63500D10D67 /* NSView+SketchDevTools.m in Sources */ = {isa = PBXBuildFile; fileRef = 5538100219BAB63500D10D67 /* NSView+SketchDevTools.m */; };
		553B6F0519C541AF00CA9A74 /* LoggerClient.h in Headers */ = {isa = PBXBuildFile; fileRef = 553B6F0119C541AF00CA9A74 /* LoggerClient.h */; };
		553B6F0619C541AF00CA9A74 /* LoggerClient.m in Sources */ = {isa = PBXBuildFile; fileRef = 553B6F0219C541AF00CA9A74 /* LoggerClient.m */; };
		553B6F0719C541AF00CA9A74 /* LoggerCommon.h in Headers */ = {isa = PBXBuildFile; fileRef = 553B6F0319C541AF00CA9A74 /* LoggerCommon.h */; };
		553B6F0819C541AF00CA9A74 /* NSLogger.h in Headers */ = {isa = PBXBuildFile; fileRef = 553B6F0419C541AF00CA9A74 /* NSLogger.h */; };
		5575798119DE78B70049D944 /* printVandalizer.js in Resources */ = {isa = PBXBuildFile; fileRef = 5575797F19DE78B70049D944 /* printVandalizer.js */; };
		5578CAB319AD0E75001E7C3B /* SDTSwizzle.h in Headers */ = {isa = PBXBuildFile; fileRef = 5578CAB119AD0E75001E7C3B /* SDTSwizzle.h */; };
		5578CAB419AD0E75001E7C3B /* SDTSwizzle.m in Sources */ = {isa = PBXBuildFile; fileRef = 5578CAB219AD0E75001E7C3B /* SDTSwizzle.m */; };
		557B35D719B6D29800ECAD7B /* NSString+SketchDevTools.h in Headers */ = {isa = PBXBuildFile; fileRef = 557B35D519B6D29800ECAD7B /* NSString+SketchDevTools.h */; };
		557B35D819B6D29800ECAD7B /* NSString+SketchDevTools.m in Sources */ = {isa = PBXBuildFile; fileRef = 557B35D619B6D29800ECAD7B /* NSString+SketchDevTools.m */; };
		559E2F9719A61E6E00774BED /* Cocoa.framework in Frameworks */ = {isa = PBXBuildFile; fileRef = 559E2F9619A61E6E00774BED /* Cocoa.framework */; };
		559E2FA119A61E6E00774BED /* InfoPlist.strings in Resources */ = {isa = PBXBuildFile; fileRef = 559E2F9F19A61E6E00774BED /* InfoPlist.strings */; };
		559E2FA519A61E6E00774BED /* SketchConsole.m in Sources */ = {isa = PBXBuildFile; fileRef = 559E2FA419A61E6E00774BED /* SketchConsole.m */; };
		559E2FAC19A61E6E00774BED /* XCTest.framework in Frameworks */ = {isa = PBXBuildFile; fileRef = 559E2FAB19A61E6E00774BED /* XCTest.framework */; };
		559E2FAD19A61E6E00774BED /* Cocoa.framework in Frameworks */ = {isa = PBXBuildFile; fileRef = 559E2F9619A61E6E00774BED /* Cocoa.framework */; };
		559E2FB019A61E6E00774BED /* SketchConsole.framework in Frameworks */ = {isa = PBXBuildFile; fileRef = 559E2F9319A61E6E00774BED /* SketchConsole.framework */; };
		559E2FB619A61E6E00774BED /* InfoPlist.strings in Resources */ = {isa = PBXBuildFile; fileRef = 559E2FB419A61E6E00774BED /* InfoPlist.strings */; };
		559E2FB819A61E6E00774BED /* SketchConsoleTests.m in Sources */ = {isa = PBXBuildFile; fileRef = 559E2FB719A61E6E00774BED /* SketchConsoleTests.m */; };
		55A173BE19AF00EE00470090 /* SDTModule.h in Headers */ = {isa = PBXBuildFile; fileRef = 55A173BC19AF00EE00470090 /* SDTModule.h */; };
		55A173BF19AF00EE00470090 /* SDTModule.m in Sources */ = {isa = PBXBuildFile; fileRef = 55A173BD19AF00EE00470090 /* SDTModule.m */; };
		55A5AD1D19E27C7300194A96 /* SDTFileWatcher.h in Headers */ = {isa = PBXBuildFile; fileRef = 55A5AD1B19E27C7300194A96 /* SDTFileWatcher.h */; };
		55A5AD1E19E27C7300194A96 /* SDTFileWatcher.m in Sources */ = {isa = PBXBuildFile; fileRef = 55A5AD1C19E27C7300194A96 /* SDTFileWatcher.m */; };
		55D0E65319EF738400EE5C01 /* NSString-CDExtensions.h in Headers */ = {isa = PBXBuildFile; fileRef = 55D0E65119EF738400EE5C01 /* NSString-CDExtensions.h */; };
		55D0E65419EF738400EE5C01 /* NSString-CDExtensions.m in Sources */ = {isa = PBXBuildFile; fileRef = 55D0E65219EF738400EE5C01 /* NSString-CDExtensions.m */; };
		55D0E65719EF741900EE5C01 /* NSScanner-CDExtensions.h in Headers */ = {isa = PBXBuildFile; fileRef = 55D0E65519EF741900EE5C01 /* NSScanner-CDExtensions.h */; };
		55D0E65819EF741900EE5C01 /* NSScanner-CDExtensions.m in Sources */ = {isa = PBXBuildFile; fileRef = 55D0E65619EF741900EE5C01 /* NSScanner-CDExtensions.m */; };
		55D0E65B19EF74E000EE5C01 /* NSData-CDExtensions.h in Headers */ = {isa = PBXBuildFile; fileRef = 55D0E65919EF74E000EE5C01 /* NSData-CDExtensions.h */; };
		55D0E65C19EF74E000EE5C01 /* NSData-CDExtensions.m in Sources */ = {isa = PBXBuildFile; fileRef = 55D0E65A19EF74E000EE5C01 /* NSData-CDExtensions.m */; };
		55D0E66019EF751F00EE5C01 /* CDOCInstanceVariable.h in Headers */ = {isa = PBXBuildFile; fileRef = 55D0E65E19EF751F00EE5C01 /* CDOCInstanceVariable.h */; };
		55D0E66119EF751F00EE5C01 /* CDOCInstanceVariable.m in Sources */ = {isa = PBXBuildFile; fileRef = 55D0E65F19EF751F00EE5C01 /* CDOCInstanceVariable.m */; };
		55F256AD19EF70740006BA48 /* CDBalanceFormatter.h in Headers */ = {isa = PBXBuildFile; fileRef = 55F2569F19EF70740006BA48 /* CDBalanceFormatter.h */; };
		55F256AE19EF70740006BA48 /* CDBalanceFormatter.m in Sources */ = {isa = PBXBuildFile; fileRef = 55F256A019EF70740006BA48 /* CDBalanceFormatter.m */; };
		55F256AF19EF70740006BA48 /* CDMethodType.h in Headers */ = {isa = PBXBuildFile; fileRef = 55F256A119EF70740006BA48 /* CDMethodType.h */; };
		55F256B019EF70740006BA48 /* CDMethodType.m in Sources */ = {isa = PBXBuildFile; fileRef = 55F256A219EF70740006BA48 /* CDMethodType.m */; };
		55F256B119EF70740006BA48 /* CDType.h in Headers */ = {isa = PBXBuildFile; fileRef = 55F256A319EF70740006BA48 /* CDType.h */; };
		55F256B219EF70740006BA48 /* CDType.m in Sources */ = {isa = PBXBuildFile; fileRef = 55F256A419EF70740006BA48 /* CDType.m */; };
		55F256B319EF70740006BA48 /* CDTypeFormatter.h in Headers */ = {isa = PBXBuildFile; fileRef = 55F256A519EF70740006BA48 /* CDTypeFormatter.h */; };
		55F256B419EF70740006BA48 /* CDTypeFormatter.m in Sources */ = {isa = PBXBuildFile; fileRef = 55F256A619EF70740006BA48 /* CDTypeFormatter.m */; };
		55F256B519EF70740006BA48 /* CDTypeLexer.h in Headers */ = {isa = PBXBuildFile; fileRef = 55F256A719EF70740006BA48 /* CDTypeLexer.h */; };
		55F256B619EF70740006BA48 /* CDTypeLexer.m in Sources */ = {isa = PBXBuildFile; fileRef = 55F256A819EF70740006BA48 /* CDTypeLexer.m */; };
		55F256B719EF70740006BA48 /* CDTypeName.h in Headers */ = {isa = PBXBuildFile; fileRef = 55F256A919EF70740006BA48 /* CDTypeName.h */; };
		55F256B819EF70740006BA48 /* CDTypeName.m in Sources */ = {isa = PBXBuildFile; fileRef = 55F256AA19EF70740006BA48 /* CDTypeName.m */; };
		55F256B919EF70740006BA48 /* CDTypeParser.h in Headers */ = {isa = PBXBuildFile; fileRef = 55F256AB19EF70740006BA48 /* CDTypeParser.h */; };
		55F256BA19EF70740006BA48 /* CDTypeParser.m in Sources */ = {isa = PBXBuildFile; fileRef = 55F256AC19EF70740006BA48 /* CDTypeParser.m */; };
		55F256CF19EF724A0006BA48 /* CDStructureTable.h in Headers */ = {isa = PBXBuildFile; fileRef = 55F256C919EF724A0006BA48 /* CDStructureTable.h */; };
		55F256D019EF724A0006BA48 /* CDStructureTable.m in Sources */ = {isa = PBXBuildFile; fileRef = 55F256CA19EF724A0006BA48 /* CDStructureTable.m */; };
		55F256D119EF724A0006BA48 /* CDTypeController.h in Headers */ = {isa = PBXBuildFile; fileRef = 55F256CB19EF724A0006BA48 /* CDTypeController.h */; };
		55F256D219EF724A0006BA48 /* CDTypeController.m in Sources */ = {isa = PBXBuildFile; fileRef = 55F256CC19EF724A0006BA48 /* CDTypeController.m */; };
		55F256D319EF724A0006BA48 /* CDStructureInfo.h in Headers */ = {isa = PBXBuildFile; fileRef = 55F256CD19EF724A0006BA48 /* CDStructureInfo.h */; };
		55F256D419EF724A0006BA48 /* CDStructureInfo.m in Sources */ = {isa = PBXBuildFile; fileRef = 55F256CE19EF724A0006BA48 /* CDStructureInfo.m */; };
/* End PBXBuildFile section */

/* Begin PBXContainerItemProxy section */
		559E2FAE19A61E6E00774BED /* PBXContainerItemProxy */ = {
			isa = PBXContainerItemProxy;
			containerPortal = 559E2F8A19A61E6E00774BED /* Project object */;
			proxyType = 1;
			remoteGlobalIDString = 559E2F9219A61E6E00774BED;
			remoteInfo = SketchConsole;
		};
/* End PBXContainerItemProxy section */

/* Begin PBXFileReference section */
		5538100119BAB63500D10D67 /* NSView+SketchDevTools.h */ = {isa = PBXFileReference; fileEncoding = 4; lastKnownFileType = sourcecode.c.h; name = "NSView+SketchDevTools.h"; path = "SketchConsole/NSView+SketchDevTools.h"; sourceTree = "<group>"; };
		5538100219BAB63500D10D67 /* NSView+SketchDevTools.m */ = {isa = PBXFileReference; fileEncoding = 4; lastKnownFileType = sourcecode.c.objc; name = "NSView+SketchDevTools.m"; path = "SketchConsole/NSView+SketchDevTools.m"; sourceTree = "<group>"; };
		553B6F0119C541AF00CA9A74 /* LoggerClient.h */ = {isa = PBXFileReference; fileEncoding = 4; lastKnownFileType = sourcecode.c.h; path = LoggerClient.h; sourceTree = "<group>"; };
		553B6F0219C541AF00CA9A74 /* LoggerClient.m */ = {isa = PBXFileReference; fileEncoding = 4; lastKnownFileType = sourcecode.c.objc; path = LoggerClient.m; sourceTree = "<group>"; };
		553B6F0319C541AF00CA9A74 /* LoggerCommon.h */ = {isa = PBXFileReference; fileEncoding = 4; lastKnownFileType = sourcecode.c.h; path = LoggerCommon.h; sourceTree = "<group>"; };
		553B6F0419C541AF00CA9A74 /* NSLogger.h */ = {isa = PBXFileReference; fileEncoding = 4; lastKnownFileType = sourcecode.c.h; path = NSLogger.h; sourceTree = "<group>"; };
		5575797F19DE78B70049D944 /* printVandalizer.js */ = {isa = PBXFileReference; fileEncoding = 4; lastKnownFileType = sourcecode.javascript; path = printVandalizer.js; sourceTree = "<group>"; };
		5578CAB119AD0E75001E7C3B /* SDTSwizzle.h */ = {isa = PBXFileReference; fileEncoding = 4; lastKnownFileType = sourcecode.c.h; name = SDTSwizzle.h; path = ../SDTSwizzle.h; sourceTree = "<group>"; };
		5578CAB219AD0E75001E7C3B /* SDTSwizzle.m */ = {isa = PBXFileReference; fileEncoding = 4; lastKnownFileType = sourcecode.c.objc; name = SDTSwizzle.m; path = ../SDTSwizzle.m; sourceTree = "<group>"; };
		557B35D519B6D29800ECAD7B /* NSString+SketchDevTools.h */ = {isa = PBXFileReference; fileEncoding = 4; lastKnownFileType = sourcecode.c.h; name = "NSString+SketchDevTools.h"; path = "SketchConsole/NSString+SketchDevTools.h"; sourceTree = "<group>"; };
		557B35D619B6D29800ECAD7B /* NSString+SketchDevTools.m */ = {isa = PBXFileReference; fileEncoding = 4; lastKnownFileType = sourcecode.c.objc; name = "NSString+SketchDevTools.m"; path = "SketchConsole/NSString+SketchDevTools.m"; sourceTree = "<group>"; };
		559E2F9319A61E6E00774BED /* SketchConsole.framework */ = {isa = PBXFileReference; explicitFileType = wrapper.framework; includeInIndex = 0; path = SketchConsole.framework; sourceTree = BUILT_PRODUCTS_DIR; };
		559E2F9619A61E6E00774BED /* Cocoa.framework */ = {isa = PBXFileReference; lastKnownFileType = wrapper.framework; name = Cocoa.framework; path = System/Library/Frameworks/Cocoa.framework; sourceTree = SDKROOT; };
		559E2F9919A61E6E00774BED /* Foundation.framework */ = {isa = PBXFileReference; lastKnownFileType = wrapper.framework; name = Foundation.framework; path = System/Library/Frameworks/Foundation.framework; sourceTree = SDKROOT; };
		559E2F9A19A61E6E00774BED /* CoreData.framework */ = {isa = PBXFileReference; lastKnownFileType = wrapper.framework; name = CoreData.framework; path = System/Library/Frameworks/CoreData.framework; sourceTree = SDKROOT; };
		559E2F9B19A61E6E00774BED /* AppKit.framework */ = {isa = PBXFileReference; lastKnownFileType = wrapper.framework; name = AppKit.framework; path = System/Library/Frameworks/AppKit.framework; sourceTree = SDKROOT; };
		559E2F9E19A61E6E00774BED /* SketchConsole-Info.plist */ = {isa = PBXFileReference; lastKnownFileType = text.plist.xml; path = "SketchConsole-Info.plist"; sourceTree = "<group>"; };
		559E2FA019A61E6E00774BED /* en */ = {isa = PBXFileReference; lastKnownFileType = text.plist.strings; name = en; path = en.lproj/InfoPlist.strings; sourceTree = "<group>"; };
		559E2FA219A61E6E00774BED /* SketchConsole-Prefix.pch */ = {isa = PBXFileReference; lastKnownFileType = sourcecode.c.h; path = "SketchConsole-Prefix.pch"; sourceTree = "<group>"; };
		559E2FA319A61E6E00774BED /* SketchConsole.h */ = {isa = PBXFileReference; lastKnownFileType = sourcecode.c.h; path = SketchConsole.h; sourceTree = "<group>"; };
		559E2FA419A61E6E00774BED /* SketchConsole.m */ = {isa = PBXFileReference; lastKnownFileType = sourcecode.c.objc; path = SketchConsole.m; sourceTree = "<group>"; };
		559E2FAA19A61E6E00774BED /* SketchConsoleTests.xctest */ = {isa = PBXFileReference; explicitFileType = wrapper.cfbundle; includeInIndex = 0; path = SketchConsoleTests.xctest; sourceTree = BUILT_PRODUCTS_DIR; };
		559E2FAB19A61E6E00774BED /* XCTest.framework */ = {isa = PBXFileReference; lastKnownFileType = wrapper.framework; name = XCTest.framework; path = Library/Frameworks/XCTest.framework; sourceTree = DEVELOPER_DIR; };
		559E2FB319A61E6E00774BED /* SketchConsoleTests-Info.plist */ = {isa = PBXFileReference; lastKnownFileType = text.plist.xml; path = "SketchConsoleTests-Info.plist"; sourceTree = "<group>"; };
		559E2FB519A61E6E00774BED /* en */ = {isa = PBXFileReference; lastKnownFileType = text.plist.strings; name = en; path = en.lproj/InfoPlist.strings; sourceTree = "<group>"; };
		559E2FB719A61E6E00774BED /* SketchConsoleTests.m */ = {isa = PBXFileReference; lastKnownFileType = sourcecode.c.objc; path = SketchConsoleTests.m; sourceTree = "<group>"; };
		55A173BC19AF00EE00470090 /* SDTModule.h */ = {isa = PBXFileReference; fileEncoding = 4; lastKnownFileType = sourcecode.c.h; name = SDTModule.h; path = ../SDTModule.h; sourceTree = "<group>"; };
		55A173BD19AF00EE00470090 /* SDTModule.m */ = {isa = PBXFileReference; fileEncoding = 4; lastKnownFileType = sourcecode.c.objc; name = SDTModule.m; path = ../SDTModule.m; sourceTree = "<group>"; };
		55A5AD1B19E27C7300194A96 /* SDTFileWatcher.h */ = {isa = PBXFileReference; fileEncoding = 4; lastKnownFileType = sourcecode.c.h; path = SDTFileWatcher.h; sourceTree = "<group>"; };
		55A5AD1C19E27C7300194A96 /* SDTFileWatcher.m */ = {isa = PBXFileReference; fileEncoding = 4; lastKnownFileType = sourcecode.c.objc; path = SDTFileWatcher.m; sourceTree = "<group>"; };
		55D0E65119EF738400EE5C01 /* NSString-CDExtensions.h */ = {isa = PBXFileReference; fileEncoding = 4; lastKnownFileType = sourcecode.c.h; path = "NSString-CDExtensions.h"; sourceTree = "<group>"; };
		55D0E65219EF738400EE5C01 /* NSString-CDExtensions.m */ = {isa = PBXFileReference; fileEncoding = 4; lastKnownFileType = sourcecode.c.objc; path = "NSString-CDExtensions.m"; sourceTree = "<group>"; };
		55D0E65519EF741900EE5C01 /* NSScanner-CDExtensions.h */ = {isa = PBXFileReference; fileEncoding = 4; lastKnownFileType = sourcecode.c.h; path = "NSScanner-CDExtensions.h"; sourceTree = "<group>"; };
		55D0E65619EF741900EE5C01 /* NSScanner-CDExtensions.m */ = {isa = PBXFileReference; fileEncoding = 4; lastKnownFileType = sourcecode.c.objc; path = "NSScanner-CDExtensions.m"; sourceTree = "<group>"; };
		55D0E65919EF74E000EE5C01 /* NSData-CDExtensions.h */ = {isa = PBXFileReference; fileEncoding = 4; lastKnownFileType = sourcecode.c.h; path = "NSData-CDExtensions.h"; sourceTree = "<group>"; };
		55D0E65A19EF74E000EE5C01 /* NSData-CDExtensions.m */ = {isa = PBXFileReference; fileEncoding = 4; lastKnownFileType = sourcecode.c.objc; path = "NSData-CDExtensions.m"; sourceTree = "<group>"; };
		55D0E65E19EF751F00EE5C01 /* CDOCInstanceVariable.h */ = {isa = PBXFileReference; fileEncoding = 4; lastKnownFileType = sourcecode.c.h; path = CDOCInstanceVariable.h; sourceTree = "<group>"; };
		55D0E65F19EF751F00EE5C01 /* CDOCInstanceVariable.m */ = {isa = PBXFileReference; fileEncoding = 4; lastKnownFileType = sourcecode.c.objc; path = CDOCInstanceVariable.m; sourceTree = "<group>"; };
		55F2569F19EF70740006BA48 /* CDBalanceFormatter.h */ = {isa = PBXFileReference; fileEncoding = 4; lastKnownFileType = sourcecode.c.h; path = CDBalanceFormatter.h; sourceTree = "<group>"; };
		55F256A019EF70740006BA48 /* CDBalanceFormatter.m */ = {isa = PBXFileReference; fileEncoding = 4; lastKnownFileType = sourcecode.c.objc; path = CDBalanceFormatter.m; sourceTree = "<group>"; };
		55F256A119EF70740006BA48 /* CDMethodType.h */ = {isa = PBXFileReference; fileEncoding = 4; lastKnownFileType = sourcecode.c.h; path = CDMethodType.h; sourceTree = "<group>"; };
		55F256A219EF70740006BA48 /* CDMethodType.m */ = {isa = PBXFileReference; fileEncoding = 4; lastKnownFileType = sourcecode.c.objc; path = CDMethodType.m; sourceTree = "<group>"; };
		55F256A319EF70740006BA48 /* CDType.h */ = {isa = PBXFileReference; fileEncoding = 4; lastKnownFileType = sourcecode.c.h; path = CDType.h; sourceTree = "<group>"; };
		55F256A419EF70740006BA48 /* CDType.m */ = {isa = PBXFileReference; fileEncoding = 4; lastKnownFileType = sourcecode.c.objc; path = CDType.m; sourceTree = "<group>"; };
		55F256A519EF70740006BA48 /* CDTypeFormatter.h */ = {isa = PBXFileReference; fileEncoding = 4; lastKnownFileType = sourcecode.c.h; path = CDTypeFormatter.h; sourceTree = "<group>"; };
		55F256A619EF70740006BA48 /* CDTypeFormatter.m */ = {isa = PBXFileReference; fileEncoding = 4; lastKnownFileType = sourcecode.c.objc; path = CDTypeFormatter.m; sourceTree = "<group>"; };
		55F256A719EF70740006BA48 /* CDTypeLexer.h */ = {isa = PBXFileReference; fileEncoding = 4; lastKnownFileType = sourcecode.c.h; path = CDTypeLexer.h; sourceTree = "<group>"; };
		55F256A819EF70740006BA48 /* CDTypeLexer.m */ = {isa = PBXFileReference; fileEncoding = 4; lastKnownFileType = sourcecode.c.objc; path = CDTypeLexer.m; sourceTree = "<group>"; };
		55F256A919EF70740006BA48 /* CDTypeName.h */ = {isa = PBXFileReference; fileEncoding = 4; lastKnownFileType = sourcecode.c.h; path = CDTypeName.h; sourceTree = "<group>"; };
		55F256AA19EF70740006BA48 /* CDTypeName.m */ = {isa = PBXFileReference; fileEncoding = 4; lastKnownFileType = sourcecode.c.objc; path = CDTypeName.m; sourceTree = "<group>"; };
		55F256AB19EF70740006BA48 /* CDTypeParser.h */ = {isa = PBXFileReference; fileEncoding = 4; lastKnownFileType = sourcecode.c.h; path = CDTypeParser.h; sourceTree = "<group>"; };
		55F256AC19EF70740006BA48 /* CDTypeParser.m */ = {isa = PBXFileReference; fileEncoding = 4; lastKnownFileType = sourcecode.c.objc; path = CDTypeParser.m; sourceTree = "<group>"; };
		55F256C919EF724A0006BA48 /* CDStructureTable.h */ = {isa = PBXFileReference; fileEncoding = 4; lastKnownFileType = sourcecode.c.h; path = CDStructureTable.h; sourceTree = "<group>"; };
		55F256CA19EF724A0006BA48 /* CDStructureTable.m */ = {isa = PBXFileReference; fileEncoding = 4; lastKnownFileType = sourcecode.c.objc; path = CDStructureTable.m; sourceTree = "<group>"; };
		55F256CB19EF724A0006BA48 /* CDTypeController.h */ = {isa = PBXFileReference; fileEncoding = 4; lastKnownFileType = sourcecode.c.h; path = CDTypeController.h; sourceTree = "<group>"; };
		55F256CC19EF724A0006BA48 /* CDTypeController.m */ = {isa = PBXFileReference; fileEncoding = 4; lastKnownFileType = sourcecode.c.objc; path = CDTypeController.m; sourceTree = "<group>"; };
		55F256CD19EF724A0006BA48 /* CDStructureInfo.h */ = {isa = PBXFileReference; fileEncoding = 4; lastKnownFileType = sourcecode.c.h; path = CDStructureInfo.h; sourceTree = "<group>"; };
		55F256CE19EF724A0006BA48 /* CDStructureInfo.m */ = {isa = PBXFileReference; fileEncoding = 4; lastKnownFileType = sourcecode.c.objc; path = CDStructureInfo.m; sourceTree = "<group>"; };
/* End PBXFileReference section */

/* Begin PBXFrameworksBuildPhase section */
		559E2F8F19A61E6E00774BED /* Frameworks */ = {
			isa = PBXFrameworksBuildPhase;
			buildActionMask = 2147483647;
			files = (
				559E2F9719A61E6E00774BED /* Cocoa.framework in Frameworks */,
			);
			runOnlyForDeploymentPostprocessing = 0;
		};
		559E2FA719A61E6E00774BED /* Frameworks */ = {
			isa = PBXFrameworksBuildPhase;
			buildActionMask = 2147483647;
			files = (
				559E2FAD19A61E6E00774BED /* Cocoa.framework in Frameworks */,
				559E2FB019A61E6E00774BED /* SketchConsole.framework in Frameworks */,
				559E2FAC19A61E6E00774BED /* XCTest.framework in Frameworks */,
			);
			runOnlyForDeploymentPostprocessing = 0;
		};
/* End PBXFrameworksBuildPhase section */

/* Begin PBXGroup section */
		5538100519BAB63E00D10D67 /* Categories */ = {
			isa = PBXGroup;
			children = (
				557B35D519B6D29800ECAD7B /* NSString+SketchDevTools.h */,
				557B35D619B6D29800ECAD7B /* NSString+SketchDevTools.m */,
				5538100119BAB63500D10D67 /* NSView+SketchDevTools.h */,
				5538100219BAB63500D10D67 /* NSView+SketchDevTools.m */,
			);
			name = Categories;
			sourceTree = "<group>";
		};
		553B6EFB19C40E2E00CA9A74 /* Utils */ = {
			isa = PBXGroup;
			children = (
				55A5AD1B19E27C7300194A96 /* SDTFileWatcher.h */,
				55A5AD1C19E27C7300194A96 /* SDTFileWatcher.m */,
				553B6F0019C5419C00CA9A74 /* NSLogger */,
			);
			name = Utils;
			sourceTree = "<group>";
		};
		553B6F0019C5419C00CA9A74 /* NSLogger */ = {
			isa = PBXGroup;
			children = (
				553B6F0119C541AF00CA9A74 /* LoggerClient.h */,
				553B6F0219C541AF00CA9A74 /* LoggerClient.m */,
				553B6F0319C541AF00CA9A74 /* LoggerCommon.h */,
				553B6F0419C541AF00CA9A74 /* NSLogger.h */,
			);
			name = NSLogger;
			sourceTree = "<group>";
		};
		5575797E19DE783F0049D944 /* Scripts */ = {
			isa = PBXGroup;
			children = (
				5575797F19DE78B70049D944 /* printVandalizer.js */,
			);
			name = Scripts;
			sourceTree = "<group>";
		};
		559E2F8919A61E6E00774BED = {
			isa = PBXGroup;
			children = (
				55F2569D19EF70330006BA48 /* ClassDump */,
				5575797E19DE783F0049D944 /* Scripts */,
				553B6EFB19C40E2E00CA9A74 /* Utils */,
				5538100519BAB63E00D10D67 /* Categories */,
				559E2F9C19A61E6E00774BED /* SketchConsole */,
				559E2FB119A61E6E00774BED /* SketchConsoleTests */,
				559E2F9519A61E6E00774BED /* Frameworks */,
				559E2F9419A61E6E00774BED /* Products */,
			);
			sourceTree = "<group>";
		};
		559E2F9419A61E6E00774BED /* Products */ = {
			isa = PBXGroup;
			children = (
				559E2F9319A61E6E00774BED /* SketchConsole.framework */,
				559E2FAA19A61E6E00774BED /* SketchConsoleTests.xctest */,
			);
			name = Products;
			sourceTree = "<group>";
		};
		559E2F9519A61E6E00774BED /* Frameworks */ = {
			isa = PBXGroup;
			children = (
				559E2F9619A61E6E00774BED /* Cocoa.framework */,
				559E2FAB19A61E6E00774BED /* XCTest.framework */,
				559E2F9819A61E6E00774BED /* Other Frameworks */,
			);
			name = Frameworks;
			sourceTree = "<group>";
		};
		559E2F9819A61E6E00774BED /* Other Frameworks */ = {
			isa = PBXGroup;
			children = (
				559E2F9919A61E6E00774BED /* Foundation.framework */,
				559E2F9A19A61E6E00774BED /* CoreData.framework */,
				559E2F9B19A61E6E00774BED /* AppKit.framework */,
			);
			name = "Other Frameworks";
			sourceTree = "<group>";
		};
		559E2F9C19A61E6E00774BED /* SketchConsole */ = {
			isa = PBXGroup;
			children = (
				55A173BC19AF00EE00470090 /* SDTModule.h */,
				55A173BD19AF00EE00470090 /* SDTModule.m */,
				5578CAB119AD0E75001E7C3B /* SDTSwizzle.h */,
				5578CAB219AD0E75001E7C3B /* SDTSwizzle.m */,
				559E2FA319A61E6E00774BED /* SketchConsole.h */,
				559E2FA419A61E6E00774BED /* SketchConsole.m */,
				559E2F9D19A61E6E00774BED /* Supporting Files */,
			);
			path = SketchConsole;
			sourceTree = "<group>";
		};
		559E2F9D19A61E6E00774BED /* Supporting Files */ = {
			isa = PBXGroup;
			children = (
				559E2F9E19A61E6E00774BED /* SketchConsole-Info.plist */,
				559E2F9F19A61E6E00774BED /* InfoPlist.strings */,
				559E2FA219A61E6E00774BED /* SketchConsole-Prefix.pch */,
			);
			name = "Supporting Files";
			sourceTree = "<group>";
		};
		559E2FB119A61E6E00774BED /* SketchConsoleTests */ = {
			isa = PBXGroup;
			children = (
				559E2FB719A61E6E00774BED /* SketchConsoleTests.m */,
				559E2FB219A61E6E00774BED /* Supporting Files */,
			);
			path = SketchConsoleTests;
			sourceTree = "<group>";
		};
		559E2FB219A61E6E00774BED /* Supporting Files */ = {
			isa = PBXGroup;
			children = (
				559E2FB319A61E6E00774BED /* SketchConsoleTests-Info.plist */,
				559E2FB419A61E6E00774BED /* InfoPlist.strings */,
			);
			name = "Supporting Files";
			sourceTree = "<group>";
		};
		55D0E65019EF737800EE5C01 /* Extensions */ = {
			isa = PBXGroup;
			children = (
				55D0E65919EF74E000EE5C01 /* NSData-CDExtensions.h */,
				55D0E65A19EF74E000EE5C01 /* NSData-CDExtensions.m */,
				55D0E65519EF741900EE5C01 /* NSScanner-CDExtensions.h */,
				55D0E65619EF741900EE5C01 /* NSScanner-CDExtensions.m */,
				55D0E65119EF738400EE5C01 /* NSString-CDExtensions.h */,
				55D0E65219EF738400EE5C01 /* NSString-CDExtensions.m */,
			);
			name = Extensions;
			sourceTree = "<group>";
		};
		55D0E65D19EF751400EE5C01 /* Objective-C */ = {
			isa = PBXGroup;
			children = (
				55D0E65E19EF751F00EE5C01 /* CDOCInstanceVariable.h */,
				55D0E65F19EF751F00EE5C01 /* CDOCInstanceVariable.m */,
			);
			name = "Objective-C";
			sourceTree = "<group>";
		};
		55F2569D19EF70330006BA48 /* ClassDump */ = {
			isa = PBXGroup;
			children = (
				55D0E65D19EF751400EE5C01 /* Objective-C */,
				55D0E65019EF737800EE5C01 /* Extensions */,
				55F256C819EF72380006BA48 /* Structure/Union Handling */,
				55F2569E19EF705D0006BA48 /* Type Parsing/Lexing */,
			);
			name = ClassDump;
			sourceTree = "<group>";
		};
		55F2569E19EF705D0006BA48 /* Type Parsing/Lexing */ = {
			isa = PBXGroup;
			children = (
				55F2569F19EF70740006BA48 /* CDBalanceFormatter.h */,
				55F256A019EF70740006BA48 /* CDBalanceFormatter.m */,
				55F256A119EF70740006BA48 /* CDMethodType.h */,
				55F256A219EF70740006BA48 /* CDMethodType.m */,
				55F256A319EF70740006BA48 /* CDType.h */,
				55F256A419EF70740006BA48 /* CDType.m */,
				55F256A519EF70740006BA48 /* CDTypeFormatter.h */,
				55F256A619EF70740006BA48 /* CDTypeFormatter.m */,
				55F256A719EF70740006BA48 /* CDTypeLexer.h */,
				55F256A819EF70740006BA48 /* CDTypeLexer.m */,
				55F256A919EF70740006BA48 /* CDTypeName.h */,
				55F256AA19EF70740006BA48 /* CDTypeName.m */,
				55F256AB19EF70740006BA48 /* CDTypeParser.h */,
				55F256AC19EF70740006BA48 /* CDTypeParser.m */,
			);
			name = "Type Parsing/Lexing";
			sourceTree = "<group>";
		};
		55F256C819EF72380006BA48 /* Structure/Union Handling */ = {
			isa = PBXGroup;
			children = (
				55F256C919EF724A0006BA48 /* CDStructureTable.h */,
				55F256CA19EF724A0006BA48 /* CDStructureTable.m */,
				55F256CB19EF724A0006BA48 /* CDTypeController.h */,
				55F256CC19EF724A0006BA48 /* CDTypeController.m */,
				55F256CD19EF724A0006BA48 /* CDStructureInfo.h */,
				55F256CE19EF724A0006BA48 /* CDStructureInfo.m */,
			);
			name = "Structure/Union Handling";
			sourceTree = "<group>";
		};
/* End PBXGroup section */

/* Begin PBXHeadersBuildPhase section */
		559E2F9019A61E6E00774BED /* Headers */ = {
			isa = PBXHeadersBuildPhase;
			buildActionMask = 2147483647;
			files = (
				55F256B719EF70740006BA48 /* CDTypeName.h in Headers */,
				553B6F0719C541AF00CA9A74 /* LoggerCommon.h in Headers */,
				55D0E65319EF738400EE5C01 /* NSString-CDExtensions.h in Headers */,
				553B6F0819C541AF00CA9A74 /* NSLogger.h in Headers */,
				557B35D719B6D29800ECAD7B /* NSString+SketchDevTools.h in Headers */,
				55F256D119EF724A0006BA48 /* CDTypeController.h in Headers */,
				55F256B119EF70740006BA48 /* CDType.h in Headers */,
				55F256B319EF70740006BA48 /* CDTypeFormatter.h in Headers */,
				5538100319BAB63500D10D67 /* NSView+SketchDevTools.h in Headers */,
				55F256AF19EF70740006BA48 /* CDMethodType.h in Headers */,
				55D0E66019EF751F00EE5C01 /* CDOCInstanceVariable.h in Headers */,
				55F256CF19EF724A0006BA48 /* CDStructureTable.h in Headers */,
				55F256B519EF70740006BA48 /* CDTypeLexer.h in Headers */,
				55D0E65B19EF74E000EE5C01 /* NSData-CDExtensions.h in Headers */,
				55F256AD19EF70740006BA48 /* CDBalanceFormatter.h in Headers */,
				55F256B919EF70740006BA48 /* CDTypeParser.h in Headers */,
				55A5AD1D19E27C7300194A96 /* SDTFileWatcher.h in Headers */,
				55A173BE19AF00EE00470090 /* SDTModule.h in Headers */,
				55F256D319EF724A0006BA48 /* CDStructureInfo.h in Headers */,
				55D0E65719EF741900EE5C01 /* NSScanner-CDExtensions.h in Headers */,
				5578CAB319AD0E75001E7C3B /* SDTSwizzle.h in Headers */,
				553B6F0519C541AF00CA9A74 /* LoggerClient.h in Headers */,
			);
			runOnlyForDeploymentPostprocessing = 0;
		};
/* End PBXHeadersBuildPhase section */

/* Begin PBXNativeTarget section */
		559E2F9219A61E6E00774BED /* SketchConsole */ = {
			isa = PBXNativeTarget;
			buildConfigurationList = 559E2FBB19A61E6E00774BED /* Build configuration list for PBXNativeTarget "SketchConsole" */;
			buildPhases = (
				559E2F8E19A61E6E00774BED /* Sources */,
				559E2F8F19A61E6E00774BED /* Frameworks */,
				559E2F9019A61E6E00774BED /* Headers */,
				559E2F9119A61E6E00774BED /* Resources */,
			);
			buildRules = (
			);
			dependencies = (
			);
			name = SketchConsole;
			productName = SketchConsole;
			productReference = 559E2F9319A61E6E00774BED /* SketchConsole.framework */;
			productType = "com.apple.product-type.framework";
		};
		559E2FA919A61E6E00774BED /* SketchConsoleTests */ = {
			isa = PBXNativeTarget;
			buildConfigurationList = 559E2FBE19A61E6E00774BED /* Build configuration list for PBXNativeTarget "SketchConsoleTests" */;
			buildPhases = (
				559E2FA619A61E6E00774BED /* Sources */,
				559E2FA719A61E6E00774BED /* Frameworks */,
				559E2FA819A61E6E00774BED /* Resources */,
			);
			buildRules = (
			);
			dependencies = (
				559E2FAF19A61E6E00774BED /* PBXTargetDependency */,
			);
			name = SketchConsoleTests;
			productName = SketchConsoleTests;
			productReference = 559E2FAA19A61E6E00774BED /* SketchConsoleTests.xctest */;
			productType = "com.apple.product-type.bundle.unit-test";
		};
/* End PBXNativeTarget section */

/* Begin PBXProject section */
		559E2F8A19A61E6E00774BED /* Project object */ = {
			isa = PBXProject;
			attributes = {
				LastUpgradeCheck = 0510;
				ORGANIZATIONNAME = Turbobabr;
				TargetAttributes = {
					559E2FA919A61E6E00774BED = {
						TestTargetID = 559E2F9219A61E6E00774BED;
					};
				};
			};
			buildConfigurationList = 559E2F8D19A61E6E00774BED /* Build configuration list for PBXProject "SketchConsole" */;
			compatibilityVersion = "Xcode 3.2";
			developmentRegion = English;
			hasScannedForEncodings = 0;
			knownRegions = (
				en,
			);
			mainGroup = 559E2F8919A61E6E00774BED;
			productRefGroup = 559E2F9419A61E6E00774BED /* Products */;
			projectDirPath = "";
			projectRoot = "";
			targets = (
				559E2F9219A61E6E00774BED /* SketchConsole */,
				559E2FA919A61E6E00774BED /* SketchConsoleTests */,
			);
		};
/* End PBXProject section */

/* Begin PBXResourcesBuildPhase section */
		559E2F9119A61E6E00774BED /* Resources */ = {
			isa = PBXResourcesBuildPhase;
			buildActionMask = 2147483647;
			files = (
				5575798119DE78B70049D944 /* printVandalizer.js in Resources */,
				559E2FA119A61E6E00774BED /* InfoPlist.strings in Resources */,
			);
			runOnlyForDeploymentPostprocessing = 0;
		};
		559E2FA819A61E6E00774BED /* Resources */ = {
			isa = PBXResourcesBuildPhase;
			buildActionMask = 2147483647;
			files = (
				559E2FB619A61E6E00774BED /* InfoPlist.strings in Resources */,
			);
			runOnlyForDeploymentPostprocessing = 0;
		};
/* End PBXResourcesBuildPhase section */

/* Begin PBXSourcesBuildPhase section */
		559E2F8E19A61E6E00774BED /* Sources */ = {
			isa = PBXSourcesBuildPhase;
			buildActionMask = 2147483647;
			files = (
				55F256AE19EF70740006BA48 /* CDBalanceFormatter.m in Sources */,
				553B6F0619C541AF00CA9A74 /* LoggerClient.m in Sources */,
				55D0E65819EF741900EE5C01 /* NSScanner-CDExtensions.m in Sources */,
				557B35D819B6D29800ECAD7B /* NSString+SketchDevTools.m in Sources */,
				55F256B419EF70740006BA48 /* CDTypeFormatter.m in Sources */,
				5538100419BAB63500D10D67 /* NSView+SketchDevTools.m in Sources */,
				55F256B619EF70740006BA48 /* CDTypeLexer.m in Sources */,
				55D0E65C19EF74E000EE5C01 /* NSData-CDExtensions.m in Sources */,
				55F256B819EF70740006BA48 /* CDTypeName.m in Sources */,
				55F256BA19EF70740006BA48 /* CDTypeParser.m in Sources */,
				5578CAB419AD0E75001E7C3B /* SDTSwizzle.m in Sources */,
				55A5AD1E19E27C7300194A96 /* SDTFileWatcher.m in Sources */,
				55F256D219EF724A0006BA48 /* CDTypeController.m in Sources */,
				55F256B219EF70740006BA48 /* CDType.m in Sources */,
				55D0E65419EF738400EE5C01 /* NSString-CDExtensions.m in Sources */,
				55F256D419EF724A0006BA48 /* CDStructureInfo.m in Sources */,
				55D0E66119EF751F00EE5C01 /* CDOCInstanceVariable.m in Sources */,
				55F256D019EF724A0006BA48 /* CDStructureTable.m in Sources */,
				55A173BF19AF00EE00470090 /* SDTModule.m in Sources */,
				55F256B019EF70740006BA48 /* CDMethodType.m in Sources */,
				559E2FA519A61E6E00774BED /* SketchConsole.m in Sources */,
			);
			runOnlyForDeploymentPostprocessing = 0;
		};
		559E2FA619A61E6E00774BED /* Sources */ = {
			isa = PBXSourcesBuildPhase;
			buildActionMask = 2147483647;
			files = (
				559E2FB819A61E6E00774BED /* SketchConsoleTests.m in Sources */,
			);
			runOnlyForDeploymentPostprocessing = 0;
		};
/* End PBXSourcesBuildPhase section */

/* Begin PBXTargetDependency section */
		559E2FAF19A61E6E00774BED /* PBXTargetDependency */ = {
			isa = PBXTargetDependency;
			target = 559E2F9219A61E6E00774BED /* SketchConsole */;
			targetProxy = 559E2FAE19A61E6E00774BED /* PBXContainerItemProxy */;
		};
/* End PBXTargetDependency section */

/* Begin PBXVariantGroup section */
		559E2F9F19A61E6E00774BED /* InfoPlist.strings */ = {
			isa = PBXVariantGroup;
			children = (
				559E2FA019A61E6E00774BED /* en */,
			);
			name = InfoPlist.strings;
			sourceTree = "<group>";
		};
		559E2FB419A61E6E00774BED /* InfoPlist.strings */ = {
			isa = PBXVariantGroup;
			children = (
				559E2FB519A61E6E00774BED /* en */,
			);
			name = InfoPlist.strings;
			sourceTree = "<group>";
		};
/* End PBXVariantGroup section */

/* Begin XCBuildConfiguration section */
		559E2FB919A61E6E00774BED /* Debug */ = {
			isa = XCBuildConfiguration;
			buildSettings = {
				ALWAYS_SEARCH_USER_PATHS = NO;
				CLANG_CXX_LANGUAGE_STANDARD = "gnu++0x";
				CLANG_CXX_LIBRARY = "libc++";
				CLANG_ENABLE_MODULES = YES;
				CLANG_ENABLE_OBJC_ARC = YES;
				CLANG_WARN_BOOL_CONVERSION = YES;
				CLANG_WARN_CONSTANT_CONVERSION = YES;
				CLANG_WARN_DIRECT_OBJC_ISA_USAGE = YES_ERROR;
				CLANG_WARN_EMPTY_BODY = YES;
				CLANG_WARN_ENUM_CONVERSION = YES;
				CLANG_WARN_INT_CONVERSION = YES;
				CLANG_WARN_OBJC_ROOT_CLASS = YES_ERROR;
				CLANG_WARN__DUPLICATE_METHOD_MATCH = YES;
				COPY_PHASE_STRIP = NO;
				GCC_C_LANGUAGE_STANDARD = gnu99;
				GCC_DYNAMIC_NO_PIC = NO;
				GCC_ENABLE_OBJC_EXCEPTIONS = YES;
				GCC_OPTIMIZATION_LEVEL = 0;
				GCC_PREPROCESSOR_DEFINITIONS = (
					"DEBUG=1",
					"$(inherited)",
				);
				GCC_SYMBOLS_PRIVATE_EXTERN = NO;
				GCC_WARN_64_TO_32_BIT_CONVERSION = YES;
				GCC_WARN_ABOUT_RETURN_TYPE = YES_ERROR;
				GCC_WARN_UNDECLARED_SELECTOR = YES;
				GCC_WARN_UNINITIALIZED_AUTOS = YES_AGGRESSIVE;
				GCC_WARN_UNUSED_FUNCTION = YES;
				GCC_WARN_UNUSED_VARIABLE = YES;
				MACOSX_DEPLOYMENT_TARGET = 10.9;
				ONLY_ACTIVE_ARCH = YES;
				SDKROOT = macosx;
			};
			name = Debug;
		};
		559E2FBA19A61E6E00774BED /* Release */ = {
			isa = XCBuildConfiguration;
			buildSettings = {
				ALWAYS_SEARCH_USER_PATHS = NO;
				CLANG_CXX_LANGUAGE_STANDARD = "gnu++0x";
				CLANG_CXX_LIBRARY = "libc++";
				CLANG_ENABLE_MODULES = YES;
				CLANG_ENABLE_OBJC_ARC = YES;
				CLANG_WARN_BOOL_CONVERSION = YES;
				CLANG_WARN_CONSTANT_CONVERSION = YES;
				CLANG_WARN_DIRECT_OBJC_ISA_USAGE = YES_ERROR;
				CLANG_WARN_EMPTY_BODY = YES;
				CLANG_WARN_ENUM_CONVERSION = YES;
				CLANG_WARN_INT_CONVERSION = YES;
				CLANG_WARN_OBJC_ROOT_CLASS = YES_ERROR;
				CLANG_WARN__DUPLICATE_METHOD_MATCH = YES;
				COPY_PHASE_STRIP = YES;
				DEBUG_INFORMATION_FORMAT = "dwarf-with-dsym";
				ENABLE_NS_ASSERTIONS = NO;
				GCC_C_LANGUAGE_STANDARD = gnu99;
				GCC_ENABLE_OBJC_EXCEPTIONS = YES;
				GCC_WARN_64_TO_32_BIT_CONVERSION = YES;
				GCC_WARN_ABOUT_RETURN_TYPE = YES_ERROR;
				GCC_WARN_UNDECLARED_SELECTOR = YES;
				GCC_WARN_UNINITIALIZED_AUTOS = YES_AGGRESSIVE;
				GCC_WARN_UNUSED_FUNCTION = YES;
				GCC_WARN_UNUSED_VARIABLE = YES;
				MACOSX_DEPLOYMENT_TARGET = 10.9;
				SDKROOT = macosx;
			};
			name = Release;
		};
		559E2FBC19A61E6E00774BED /* Debug */ = {
			isa = XCBuildConfiguration;
			buildSettings = {
				COMBINE_HIDPI_IMAGES = YES;
				DYLIB_COMPATIBILITY_VERSION = 1;
				DYLIB_CURRENT_VERSION = 1;
				FRAMEWORK_VERSION = A;
				GCC_PRECOMPILE_PREFIX_HEADER = YES;
				GCC_PREFIX_HEADER = "SketchConsole/SketchConsole-Prefix.pch";
				INFOPLIST_FILE = "SketchConsole/SketchConsole-Info.plist";
				ONLY_ACTIVE_ARCH = YES;
				PRODUCT_NAME = "$(TARGET_NAME)";
				WRAPPER_EXTENSION = framework;
			};
			name = Debug;
		};
		559E2FBD19A61E6E00774BED /* Release */ = {
			isa = XCBuildConfiguration;
			buildSettings = {
				COMBINE_HIDPI_IMAGES = YES;
				DYLIB_COMPATIBILITY_VERSION = 1;
				DYLIB_CURRENT_VERSION = 1;
				FRAMEWORK_VERSION = A;
				GCC_PRECOMPILE_PREFIX_HEADER = YES;
				GCC_PREFIX_HEADER = "SketchConsole/SketchConsole-Prefix.pch";
				INFOPLIST_FILE = "SketchConsole/SketchConsole-Info.plist";
				ONLY_ACTIVE_ARCH = YES;
				PRODUCT_NAME = "$(TARGET_NAME)";
				WRAPPER_EXTENSION = framework;
			};
			name = Release;
		};
		559E2FBF19A61E6E00774BED /* Debug */ = {
			isa = XCBuildConfiguration;
			buildSettings = {
				BUNDLE_LOADER = "$(BUILT_PRODUCTS_DIR)/SketchConsole.framework/Versions/A/SketchConsole";
				COMBINE_HIDPI_IMAGES = YES;
				FRAMEWORK_SEARCH_PATHS = (
					"$(DEVELOPER_FRAMEWORKS_DIR)",
					"$(inherited)",
				);
				GCC_PRECOMPILE_PREFIX_HEADER = YES;
				GCC_PREFIX_HEADER = "SketchConsole/SketchConsole-Prefix.pch";
				GCC_PREPROCESSOR_DEFINITIONS = (
					"DEBUG=1",
					"$(inherited)",
				);
				INFOPLIST_FILE = "SketchConsoleTests/SketchConsoleTests-Info.plist";
				PRODUCT_NAME = "$(TARGET_NAME)";
				TEST_HOST = "$(BUNDLE_LOADER)";
				WRAPPER_EXTENSION = xctest;
			};
			name = Debug;
		};
		559E2FC019A61E6E00774BED /* Release */ = {
			isa = XCBuildConfiguration;
			buildSettings = {
				BUNDLE_LOADER = "$(BUILT_PRODUCTS_DIR)/SketchConsole.framework/Versions/A/SketchConsole";
				COMBINE_HIDPI_IMAGES = YES;
				FRAMEWORK_SEARCH_PATHS = (
					"$(DEVELOPER_FRAMEWORKS_DIR)",
					"$(inherited)",
				);
				GCC_PRECOMPILE_PREFIX_HEADER = YES;
				GCC_PREFIX_HEADER = "SketchConsole/SketchConsole-Prefix.pch";
				INFOPLIST_FILE = "SketchConsoleTests/SketchConsoleTests-Info.plist";
				PRODUCT_NAME = "$(TARGET_NAME)";
				TEST_HOST = "$(BUNDLE_LOADER)";
				WRAPPER_EXTENSION = xctest;
			};
			name = Release;
		};
/* End XCBuildConfiguration section */

/* Begin XCConfigurationList section */
		559E2F8D19A61E6E00774BED /* Build configuration list for PBXProject "SketchConsole" */ = {
			isa = XCConfigurationList;
			buildConfigurations = (
				559E2FB919A61E6E00774BED /* Debug */,
				559E2FBA19A61E6E00774BED /* Release */,
			);
			defaultConfigurationIsVisible = 0;
			defaultConfigurationName = Release;
		};
		559E2FBB19A61E6E00774BED /* Build configuration list for PBXNativeTarget "SketchConsole" */ = {
			isa = XCConfigurationList;
			buildConfigurations = (
				559E2FBC19A61E6E00774BED /* Debug */,
				559E2FBD19A61E6E00774BED /* Release */,
			);
			defaultConfigurationIsVisible = 0;
			defaultConfigurationName = Release;
		};
		559E2FBE19A61E6E00774BED /* Build configuration list for PBXNativeTarget "SketchConsoleTests" */ = {
			isa = XCConfigurationList;
			buildConfigurations = (
				559E2FBF19A61E6E00774BED /* Debug */,
				559E2FC019A61E6E00774BED /* Release */,
			);
			defaultConfigurationIsVisible = 0;
			defaultConfigurationName = Release;
		};
/* End XCConfigurationList section */
	};
	rootObject = 559E2F8A19A61E6E00774BED /* Project object */;
}
